
Microsoft Visual Studio Solution File, Format Version 12.00
# Visual Studio Version 17
VisualStudioVersion = 17.13.35818.85 d17.13
MinimumVisualStudioVersion = 10.0.40219.1
Project("{FAE04EC0-301F-11D3-BF4B-00C04F79EFBC}") = "WebAppMapApi", "WebAppMapApi\WebAppMapApi.csproj", "{4CA5FB90-CA07-43F0-BD0F-6F6D37316158}"
EndProject
Global
	GlobalSection(SolutionConfigurationPlatforms) = preSolution
		Debug|Any CPU = Debug|Any CPU
		Release|Any CPU = Release|Any CPU
	EndGlobalSection
	GlobalSection(ProjectConfigurationPlatforms) = postSolution
		{4CA5FB90-CA07-43F0-BD0F-6F6D37316158}.Debug|Any CPU.ActiveCfg = Debug|Any CPU
		{4CA5FB90-CA07-43F0-BD0F-6F6D37316158}.Debug|Any CPU.Build.0 = Debug|Any CPU
		{4CA5FB90-CA07-43F0-BD0F-6F6D37316158}.Release|Any CPU.ActiveCfg = Release|Any CPU
		{4CA5FB90-CA07-43F0-BD0F-6F6D37316158}.Release|Any CPU.Build.0 = Release|Any CPU
	EndGlobalSection
	GlobalSection(SolutionProperties) = preSolution
		HideSolutionNode = FALSE
	EndGlobalSection
	GlobalSection(ExtensibilityGlobals) = postSolution
		SolutionGuid = {312F6987-EA42-4BF6-A185-E10F0297F52B}
	EndGlobalSection
EndGlobal
